
Microsoft Visual Studio Solution File, Format Version 12.00
# Visual Studio Version 17
VisualStudioVersion = 17.5.33502.453
MinimumVisualStudioVersion = 10.0.40219.1
Project("{FAE04EC0-301F-11D3-BF4B-00C04F79EFBC}") = "Simanishin_IKM-721a_Course_project", "Simanishin_IKM-721a_Course_project\Simanishin_IKM-721a_Course_project.csproj", "{E312D037-7CDC-465F-8592-B628AAAC7E0E}"
EndProject
Global
	GlobalSection(SolutionConfigurationPlatforms) = preSolution
		Debug|Any CPU = Debug|Any CPU
		Release|Any CPU = Release|Any CPU
	EndGlobalSection
	GlobalSection(ProjectConfigurationPlatforms) = postSolution
		{E312D037-7CDC-465F-8592-B628AAAC7E0E}.Debug|Any CPU.ActiveCfg = Debug|Any CPU
		{E312D037-7CDC-465F-8592-B628AAAC7E0E}.Debug|Any CPU.Build.0 = Debug|Any CPU
		{E312D037-7CDC-465F-8592-B628AAAC7E0E}.Release|Any CPU.ActiveCfg = Release|Any CPU
		{E312D037-7CDC-465F-8592-B628AAAC7E0E}.Release|Any CPU.Build.0 = Release|Any CPU
	EndGlobalSection
	GlobalSection(SolutionProperties) = preSolution
		HideSolutionNode = FALSE
	EndGlobalSection
	GlobalSection(ExtensibilityGlobals) = postSolution
		SolutionGuid = {61AAF863-86CF-460F-BC26-51DDF6845BCE}
	EndGlobalSection
EndGlobal
